// !$*UTF8*$!
{
	archiveVersion = 1;
	classes = {
	};
	objectVersion = 56;
	objects = {

/* Begin PBXBuildFile section */
		8BBBC6C828ACE3D500F19132 /* JeanAlbumApp.swift in Sources */ = {isa = PBXBuildFile; fileRef = 8BBBC6C728ACE3D500F19132 /* JeanAlbumApp.swift */; };
		8BBBC6CA28ACE3D500F19132 /* ContentView.swift in Sources */ = {isa = PBXBuildFile; fileRef = 8BBBC6C928ACE3D500F19132 /* ContentView.swift */; };
		8BBBC6CC28ACE3D600F19132 /* Assets.xcassets in Resources */ = {isa = PBXBuildFile; fileRef = 8BBBC6CB28ACE3D600F19132 /* Assets.xcassets */; };
		8BBBC6CF28ACE3D600F19132 /* Preview Assets.xcassets in Resources */ = {isa = PBXBuildFile; fileRef = 8BBBC6CE28ACE3D600F19132 /* Preview Assets.xcassets */; };
/* End PBXBuildFile section */

/* Begin PBXContainerItemProxy section */
		8BBBC6D528ACE3D600F19132 /* PBXContainerItemProxy */ = {
			isa = PBXContainerItemProxy;
			containerPortal = 8BBBC6BC28ACE3D500F19132 /* Project object */;
			proxyType = 1;
			remoteGlobalIDString = 8BBBC6C328ACE3D500F19132;
			remoteInfo = JeanAlbum;
		};
		8BBBC6DF28ACE3D600F19132 /* PBXContainerItemProxy */ = {
			isa = PBXContainerItemProxy;
			containerPortal = 8BBBC6BC28ACE3D500F19132 /* Project object */;
			proxyType = 1;
			remoteGlobalIDString = 8BBBC6C328ACE3D500F19132;
			remoteInfo = JeanAlbum;
		};
/* End PBXContainerItemProxy section */

/* Begin PBXFileReference section */
		8BBBC6C428ACE3D500F19132 /* JeanAlbum.app */ = {isa = PBXFileReference; explicitFileType = wrapper.application; includeInIndex = 0; path = JeanAlbum.app; sourceTree = BUILT_PRODUCTS_DIR; };
		8BBBC6C728ACE3D500F19132 /* JeanAlbumApp.swift */ = {isa = PBXFileReference; lastKnownFileType = sourcecode.swift; path = JeanAlbumApp.swift; sourceTree = "<group>"; };
		8BBBC6C928ACE3D500F19132 /* ContentView.swift */ = {isa = PBXFileReference; lastKnownFileType = sourcecode.swift; path = ContentView.swift; sourceTree = "<group>"; };
		8BBBC6CB28ACE3D600F19132 /* Assets.xcassets */ = {isa = PBXFileReference; lastKnownFileType = folder.assetcatalog; path = Assets.xcassets; sourceTree = "<group>"; };
		8BBBC6CE28ACE3D600F19132 /* Preview Assets.xcassets */ = {isa = PBXFileReference; lastKnownFileType = folder.assetcatalog; path = "Preview Assets.xcassets"; sourceTree = "<group>"; };
		8BBBC6D428ACE3D600F19132 /* JeanAlbumTests.xctest */ = {isa = PBXFileReference; explicitFileType = wrapper.cfbundle; includeInIndex = 0; path = JeanAlbumTests.xctest; sourceTree = BUILT_PRODUCTS_DIR; };
		8BBBC6DE28ACE3D600F19132 /* JeanAlbumUITests.xctest */ = {isa = PBXFileReference; explicitFileType = wrapper.cfbundle; includeInIndex = 0; path = JeanAlbumUITests.xctest; sourceTree = BUILT_PRODUCTS_DIR; };
/* End PBXFileReference section */

/* Begin PBXFrameworksBuildPhase section */
		8BBBC6C128ACE3D500F19132 /* Frameworks */ = {
			isa = PBXFrameworksBuildPhase;
			buildActionMask = 2147483647;
			files = (
			);
			runOnlyForDeploymentPostprocessing = 0;
		};
		8BBBC6D128ACE3D600F19132 /* Frameworks */ = {
			isa = PBXFrameworksBuildPhase;
			buildActionMask = 2147483647;
			files = (
			);
			runOnlyForDeploymentPostprocessing = 0;
		};
		8BBBC6DB28ACE3D600F19132 /* Frameworks */ = {
			isa = PBXFrameworksBuildPhase;
			buildActionMask = 2147483647;
			files = (
			);
			runOnlyForDeploymentPostprocessing = 0;
		};
/* End PBXFrameworksBuildPhase section */

/* Begin PBXGroup section */
		8BBBC6BB28ACE3D500F19132 = {
			isa = PBXGroup;
			children = (
				8BBBC6C628ACE3D500F19132 /* JeanAlbum */,
				8BBBC6C528ACE3D500F19132 /* Products */,
			);
			sourceTree = "<group>";
		};
		8BBBC6C528ACE3D500F19132 /* Products */ = {
			isa = PBXGroup;
			children = (
				8BBBC6C428ACE3D500F19132 /* JeanAlbum.app */,
				8BBBC6D428ACE3D600F19132 /* JeanAlbumTests.xctest */,
				8BBBC6DE28ACE3D600F19132 /* JeanAlbumUITests.xctest */,
			);
			name = Products;
			sourceTree = "<group>";
		};
		8BBBC6C628ACE3D500F19132 /* JeanAlbum */ = {
			isa = PBXGroup;
			children = (
				8BBBC6C728ACE3D500F19132 /* JeanAlbumApp.swift */,
				8BBBC6C928ACE3D500F19132 /* ContentView.swift */,
				8BBBC6CB28ACE3D600F19132 /* Assets.xcassets */,
				8BBBC6CD28ACE3D600F19132 /* Preview Content */,
			);
			path = JeanAlbum;
			sourceTree = "<group>";
		};
		8BBBC6CD28ACE3D600F19132 /* Preview Content */ = {
			isa = PBXGroup;
			children = (
				8BBBC6CE28ACE3D600F19132 /* Preview Assets.xcassets */,
			);
			path = "Preview Content";
			sourceTree = "<group>";
		};
/* End PBXGroup section */

/* Begin PBXNativeTarget section */
		8BBBC6C328ACE3D500F19132 /* JeanAlbum */ = {
			isa = PBXNativeTarget;
			buildConfigurationList = 8BBBC6E828ACE3D600F19132 /* Build configuration list for PBXNativeTarget "JeanAlbum" */;
			buildPhases = (
				8BBBC6C028ACE3D500F19132 /* Sources */,
				8BBBC6C128ACE3D500F19132 /* Frameworks */,
				8BBBC6C228ACE3D500F19132 /* Resources */,
			);
			buildRules = (
			);
			dependencies = (
			);
			name = JeanAlbum;
			productName = JeanAlbum;
			productReference = 8BBBC6C428ACE3D500F19132 /* JeanAlbum.app */;
			productType = "com.apple.product-type.application";
		};
		8BBBC6D328ACE3D600F19132 /* JeanAlbumTests */ = {
			isa = PBXNativeTarget;
			buildConfigurationList = 8BBBC6EB28ACE3D600F19132 /* Build configuration list for PBXNativeTarget "JeanAlbumTests" */;
			buildPhases = (
				8BBBC6D028ACE3D600F19132 /* Sources */,
				8BBBC6D128ACE3D600F19132 /* Frameworks */,
				8BBBC6D228ACE3D600F19132 /* Resources */,
			);
			buildRules = (
			);
			dependencies = (
				8BBBC6D628ACE3D600F19132 /* PBXTargetDependency */,
			);
			name = JeanAlbumTests;
			productName = JeanAlbumTests;
			productReference = 8BBBC6D428ACE3D600F19132 /* JeanAlbumTests.xctest */;
			productType = "com.apple.product-type.bundle.unit-test";
		};
		8BBBC6DD28ACE3D600F19132 /* JeanAlbumUITests */ = {
			isa = PBXNativeTarget;
			buildConfigurationList = 8BBBC6EE28ACE3D600F19132 /* Build configuration list for PBXNativeTarget "JeanAlbumUITests" */;
			buildPhases = (
				8BBBC6DA28ACE3D600F19132 /* Sources */,
				8BBBC6DB28ACE3D600F19132 /* Frameworks */,
				8BBBC6DC28ACE3D600F19132 /* Resources */,
			);
			buildRules = (
			);
			dependencies = (
				8BBBC6E028ACE3D600F19132 /* PBXTargetDependency */,
			);
			name = JeanAlbumUITests;
			productName = JeanAlbumUITests;
			productReference = 8BBBC6DE28ACE3D600F19132 /* JeanAlbumUITests.xctest */;
			productType = "com.apple.product-type.bundle.ui-testing";
		};
/* End PBXNativeTarget section */

/* Begin PBXProject section */
		8BBBC6BC28ACE3D500F19132 /* Project object */ = {
			isa = PBXProject;
			attributes = {
				BuildIndependentTargetsInParallel = 1;
				LastSwiftUpdateCheck = 1400;
				LastUpgradeCheck = 1400;
				TargetAttributes = {
					8BBBC6C328ACE3D500F19132 = {
						CreatedOnToolsVersion = 14.0;
					};
					8BBBC6D328ACE3D600F19132 = {
						CreatedOnToolsVersion = 14.0;
						TestTargetID = 8BBBC6C328ACE3D500F19132;
					};
					8BBBC6DD28ACE3D600F19132 = {
						CreatedOnToolsVersion = 14.0;
						TestTargetID = 8BBBC6C328ACE3D500F19132;
					};
				};
			};
			buildConfigurationList = 8BBBC6BF28ACE3D500F19132 /* Build configuration list for PBXProject "JeanAlbum" */;
			compatibilityVersion = "Xcode 14.0";
			developmentRegion = en;
			hasScannedForEncodings = 0;
			knownRegions = (
				en,
				Base,
			);
			mainGroup = 8BBBC6BB28ACE3D500F19132;
			productRefGroup = 8BBBC6C528ACE3D500F19132 /* Products */;
			projectDirPath = "";
			projectRoot = "";
			targets = (
				8BBBC6C328ACE3D500F19132 /* JeanAlbum */,
				8BBBC6D328ACE3D600F19132 /* JeanAlbumTests */,
				8BBBC6DD28ACE3D600F19132 /* JeanAlbumUITests */,
			);
		};
/* End PBXProject section */

/* Begin PBXResourcesBuildPhase section */
		8BBBC6C228ACE3D500F19132 /* Resources */ = {
			isa = PBXResourcesBuildPhase;
			buildActionMask = 2147483647;
			files = (
				8BBBC6CF28ACE3D600F19132 /* Preview Assets.xcassets in Resources */,
				8BBBC6CC28ACE3D600F19132 /* Assets.xcassets in Resources */,
			);
			runOnlyForDeploymentPostprocessing = 0;
		};
		8BBBC6D228ACE3D600F19132 /* Resources */ = {
			isa = PBXResourcesBuildPhase;
			buildActionMask = 2147483647;
			files = (
			);
			runOnlyForDeploymentPostprocessing = 0;
		};
		8BBBC6DC28ACE3D600F19132 /* Resources */ = {
			isa = PBXResourcesBuildPhase;
			buildActionMask = 2147483647;
			files = (
			);
			runOnlyForDeploymentPostprocessing = 0;
		};
/* End PBXResourcesBuildPhase section */

/* Begin PBXSourcesBuildPhase section */
		8BBBC6C028ACE3D500F19132 /* Sources */ = {
			isa = PBXSourcesBuildPhase;
			buildActionMask = 2147483647;
			files = (
				8BBBC6CA28ACE3D500F19132 /* ContentView.swift in Sources */,
				8BBBC6C828ACE3D500F19132 /* JeanAlbumApp.swift in Sources */,
			);
			runOnlyForDeploymentPostprocessing = 0;
		};
		8BBBC6D028ACE3D600F19132 /* Sources */ = {
			isa = PBXSourcesBuildPhase;
			buildActionMask = 2147483647;
			files = (
			);
			runOnlyForDeploymentPostprocessing = 0;
		};
		8BBBC6DA28ACE3D600F19132 /* Sources */ = {
			isa = PBXSourcesBuildPhase;
			buildActionMask = 2147483647;
			files = (
			);
			runOnlyForDeploymentPostprocessing = 0;
		};
/* End PBXSourcesBuildPhase section */

/* Begin PBXTargetDependency section */
		8BBBC6D628ACE3D600F19132 /* PBXTargetDependency */ = {
			isa = PBXTargetDependency;
			target = 8BBBC6C328ACE3D500F19132 /* JeanAlbum */;
			targetProxy = 8BBBC6D528ACE3D600F19132 /* PBXContainerItemProxy */;
		};
		8BBBC6E028ACE3D600F19132 /* PBXTargetDependency */ = {
			isa = PBXTargetDependency;
			target = 8BBBC6C328ACE3D500F19132 /* JeanAlbum */;
			targetProxy = 8BBBC6DF28ACE3D600F19132 /* PBXContainerItemProxy */;
		};
/* End PBXTargetDependency section */

/* Begin XCBuildConfiguration section */
		8BBBC6E628ACE3D600F19132 /* Debug */ = {
			isa = XCBuildConfiguration;
			buildSettings = {
				ALWAYS_SEARCH_USER_PATHS = NO;
				CLANG_ANALYZER_NONNULL = YES;
				CLANG_ANALYZER_NUMBER_OBJECT_CONVERSION = YES_AGGRESSIVE;
				CLANG_CXX_LANGUAGE_STANDARD = "gnu++20";
				CLANG_ENABLE_MODULES = YES;
				CLANG_ENABLE_OBJC_ARC = YES;
				CLANG_ENABLE_OBJC_WEAK = YES;
				CLANG_WARN_BLOCK_CAPTURE_AUTORELEASING = YES;
				CLANG_WARN_BOOL_CONVERSION = YES;
				CLANG_WARN_COMMA = YES;
				CLANG_WARN_CONSTANT_CONVERSION = YES;
				CLANG_WARN_DEPRECATED_OBJC_IMPLEMENTATIONS = YES;
				CLANG_WARN_DIRECT_OBJC_ISA_USAGE = YES_ERROR;
				CLANG_WARN_DOCUMENTATION_COMMENTS = YES;
				CLANG_WARN_EMPTY_BODY = YES;
				CLANG_WARN_ENUM_CONVERSION = YES;
				CLANG_WARN_INFINITE_RECURSION = YES;
				CLANG_WARN_INT_CONVERSION = YES;
				CLANG_WARN_NON_LITERAL_NULL_CONVERSION = YES;
				CLANG_WARN_OBJC_IMPLICIT_RETAIN_SELF = YES;
				CLANG_WARN_OBJC_LITERAL_CONVERSION = YES;
				CLANG_WARN_OBJC_ROOT_CLASS = YES_ERROR;
				CLANG_WARN_QUOTED_INCLUDE_IN_FRAMEWORK_HEADER = YES;
				CLANG_WARN_RANGE_LOOP_ANALYSIS = YES;
				CLANG_WARN_STRICT_PROTOTYPES = YES;
				CLANG_WARN_SUSPICIOUS_MOVE = YES;
				CLANG_WARN_UNGUARDED_AVAILABILITY = YES_AGGRESSIVE;
				CLANG_WARN_UNREACHABLE_CODE = YES;
				CLANG_WARN__DUPLICATE_METHOD_MATCH = YES;
				COPY_PHASE_STRIP = NO;
				DEBUG_INFORMATION_FORMAT = dwarf;
				ENABLE_STRICT_OBJC_MSGSEND = YES;
				ENABLE_TESTABILITY = YES;
				GCC_C_LANGUAGE_STANDARD = gnu11;
				GCC_DYNAMIC_NO_PIC = NO;
				GCC_NO_COMMON_BLOCKS = YES;
				GCC_OPTIMIZATION_LEVEL = 0;
				GCC_PREPROCESSOR_DEFINITIONS = (
					"DEBUG=1",
					"$(inherited)",
				);
				GCC_WARN_64_TO_32_BIT_CONVERSION = YES;
				GCC_WARN_ABOUT_RETURN_TYPE = YES_ERROR;
				GCC_WARN_UNDECLARED_SELECTOR = YES;
				GCC_WARN_UNINITIALIZED_AUTOS = YES_AGGRESSIVE;
				GCC_WARN_UNUSED_FUNCTION = YES;
				GCC_WARN_UNUSED_VARIABLE = YES;
				IPHONEOS_DEPLOYMENT_TARGET = 16.0;
				MTL_ENABLE_DEBUG_INFO = INCLUDE_SOURCE;
				MTL_FAST_MATH = YES;
				ONLY_ACTIVE_ARCH = YES;
				SDKROOT = iphoneos;
				SWIFT_ACTIVE_COMPILATION_CONDITIONS = DEBUG;
				SWIFT_OPTIMIZATION_LEVEL = "-Onone";
			};
			name = Debug;
		};
		8BBBC6E728ACE3D600F19132 /* Release */ = {
			isa = XCBuildConfiguration;
			buildSettings = {
				ALWAYS_SEARCH_USER_PATHS = NO;
				CLANG_ANALYZER_NONNULL = YES;
				CLANG_ANALYZER_NUMBER_OBJECT_CONVERSION = YES_AGGRESSIVE;
				CLANG_CXX_LANGUAGE_STANDARD = "gnu++20";
				CLANG_ENABLE_MODULES = YES;
				CLANG_ENABLE_OBJC_ARC = YES;
				CLANG_ENABLE_OBJC_WEAK = YES;
				CLANG_WARN_BLOCK_CAPTURE_AUTORELEASING = YES;
				CLANG_WARN_BOOL_CONVERSION = YES;
				CLANG_WARN_COMMA = YES;
				CLANG_WARN_CONSTANT_CONVERSION = YES;
				CLANG_WARN_DEPRECATED_OBJC_IMPLEMENTATIONS = YES;
				CLANG_WARN_DIRECT_OBJC_ISA_USAGE = YES_ERROR;
				CLANG_WARN_DOCUMENTATION_COMMENTS = YES;
				CLANG_WARN_EMPTY_BODY = YES;
				CLANG_WARN_ENUM_CONVERSION = YES;
				CLANG_WARN_INFINITE_RECURSION = YES;
				CLANG_WARN_INT_CONVERSION = YES;
				CLANG_WARN_NON_LITERAL_NULL_CONVERSION = YES;
				CLANG_WARN_OBJC_IMPLICIT_RETAIN_SELF = YES;
				CLANG_WARN_OBJC_LITERAL_CONVERSION = YES;
				CLANG_WARN_OBJC_ROOT_CLASS = YES_ERROR;
				CLANG_WARN_QUOTED_INCLUDE_IN_FRAMEWORK_HEADER = YES;
				CLANG_WARN_RANGE_LOOP_ANALYSIS = YES;
				CLANG_WARN_STRICT_PROTOTYPES = YES;
				CLANG_WARN_SUSPICIOUS_MOVE = YES;
				CLANG_WARN_UNGUARDED_AVAILABILITY = YES_AGGRESSIVE;
				CLANG_WARN_UNREACHABLE_CODE = YES;
				CLANG_WARN__DUPLICATE_METHOD_MATCH = YES;
				COPY_PHASE_STRIP = NO;
				DEBUG_INFORMATION_FORMAT = "dwarf-with-dsym";
				ENABLE_NS_ASSERTIONS = NO;
				ENABLE_STRICT_OBJC_MSGSEND = YES;
				GCC_C_LANGUAGE_STANDARD = gnu11;
				GCC_NO_COMMON_BLOCKS = YES;
				GCC_WARN_64_TO_32_BIT_CONVERSION = YES;
				GCC_WARN_ABOUT_RETURN_TYPE = YES_ERROR;
				GCC_WARN_UNDECLARED_SELECTOR = YES;
				GCC_WARN_UNINITIALIZED_AUTOS = YES_AGGRESSIVE;
				GCC_WARN_UNUSED_FUNCTION = YES;
				GCC_WARN_UNUSED_VARIABLE = YES;
				IPHONEOS_DEPLOYMENT_TARGET = 16.0;
				MTL_ENABLE_DEBUG_INFO = NO;
				MTL_FAST_MATH = YES;
				SDKROOT = iphoneos;
				SWIFT_COMPILATION_MODE = wholemodule;
				SWIFT_OPTIMIZATION_LEVEL = "-O";
				VALIDATE_PRODUCT = YES;
			};
			name = Release;
		};
		8BBBC6E928ACE3D600F19132 /* Debug */ = {
			isa = XCBuildConfiguration;
			buildSettings = {
				ASSETCATALOG_COMPILER_APPICON_NAME = AppIcon;
				ASSETCATALOG_COMPILER_GLOBAL_ACCENT_COLOR_NAME = AccentColor;
				CODE_SIGN_STYLE = Automatic;
				CURRENT_PROJECT_VERSION = 1;
				DEVELOPMENT_ASSET_PATHS = "\"JeanAlbum/Preview Content\"";
				DEVELOPMENT_TEAM = 7W542TN97Z;
				ENABLE_PREVIEWS = YES;
				GENERATE_INFOPLIST_FILE = YES;
				INFOPLIST_KEY_UIApplicationSceneManifest_Generation = YES;
				INFOPLIST_KEY_UIApplicationSupportsIndirectInputEvents = YES;
				INFOPLIST_KEY_UILaunchScreen_Generation = YES;
				INFOPLIST_KEY_UISupportedInterfaceOrientations_iPad = "UIInterfaceOrientationPortrait UIInterfaceOrientationPortraitUpsideDown UIInterfaceOrientationLandscapeLeft UIInterfaceOrientationLandscapeRight";
				INFOPLIST_KEY_UISupportedInterfaceOrientations_iPhone = "UIInterfaceOrientationPortrait UIInterfaceOrientationLandscapeLeft UIInterfaceOrientationLandscapeRight";
				LD_RUNPATH_SEARCH_PATHS = (
					"$(inherited)",
					"@executable_path/Frameworks",
				);
				MARKETING_VERSION = 1.0;
				PRODUCT_BUNDLE_IDENTIFIER = PALS.JeanAlbum;
				PRODUCT_NAME = "$(TARGET_NAME)";
				SWIFT_EMIT_LOC_STRINGS = YES;
				SWIFT_VERSION = 5.0;
				TARGETED_DEVICE_FAMILY = "1,2";
			};
			name = Debug;
		};
		8BBBC6EA28ACE3D600F19132 /* Release */ = {
			isa = XCBuildConfiguration;
			buildSettings = {
				ASSETCATALOG_COMPILER_APPICON_NAME = AppIcon;
				ASSETCATALOG_COMPILER_GLOBAL_ACCENT_COLOR_NAME = AccentColor;
				CODE_SIGN_STYLE = Automatic;
				CURRENT_PROJECT_VERSION = 1;
				DEVELOPMENT_ASSET_PATHS = "\"JeanAlbum/Preview Content\"";
				DEVELOPMENT_TEAM = 7W542TN97Z;
				ENABLE_PREVIEWS = YES;
				GENERATE_INFOPLIST_FILE = YES;
				INFOPLIST_KEY_UIApplicationSceneManifest_Generation = YES;
				INFOPLIST_KEY_UIApplicationSupportsIndirectInputEvents = YES;
				INFOPLIST_KEY_UILaunchScreen_Generation = YES;
				INFOPLIST_KEY_UISupportedInterfaceOrientations_iPad = "UIInterfaceOrientationPortrait UIInterfaceOrientationPortraitUpsideDown UIInterfaceOrientationLandscapeLeft UIInterfaceOrientationLandscapeRight";
				INFOPLIST_KEY_UISupportedInterfaceOrientations_iPhone = "UIInterfaceOrientationPortrait UIInterfaceOrientationLandscapeLeft UIInterfaceOrientationLandscapeRight";
				LD_RUNPATH_SEARCH_PATHS = (
					"$(inherited)",
					"@executable_path/Frameworks",
				);
				MARKETING_VERSION = 1.0;
				PRODUCT_BUNDLE_IDENTIFIER = PALS.JeanAlbum;
				PRODUCT_NAME = "$(TARGET_NAME)";
				SWIFT_EMIT_LOC_STRINGS = YES;
				SWIFT_VERSION = 5.0;
				TARGETED_DEVICE_FAMILY = "1,2";
			};
			name = Release;
		};
		8BBBC6EC28ACE3D600F19132 /* Debug */ = {
			isa = XCBuildConfiguration;
			buildSettings = {
				ALWAYS_EMBED_SWIFT_STANDARD_LIBRARIES = YES;
				BUNDLE_LOADER = "$(TEST_HOST)";
				CODE_SIGN_STYLE = Automatic;
				CURRENT_PROJECT_VERSION = 1;
				DEVELOPMENT_TEAM = 7W542TN97Z;
				GENERATE_INFOPLIST_FILE = YES;
				IPHONEOS_DEPLOYMENT_TARGET = 16.0;
				MARKETING_VERSION = 1.0;
				PRODUCT_BUNDLE_IDENTIFIER = PALS.JeanAlbumTests;
				PRODUCT_NAME = "$(TARGET_NAME)";
				SWIFT_EMIT_LOC_STRINGS = NO;
				SWIFT_VERSION = 5.0;
				TARGETED_DEVICE_FAMILY = "1,2";
				TEST_HOST = "$(BUILT_PRODUCTS_DIR)/JeanAlbum.app/$(BUNDLE_EXECUTABLE_FOLDER_PATH)/JeanAlbum";
			};
			name = Debug;
		};
		8BBBC6ED28ACE3D600F19132 /* Release */ = {
			isa = XCBuildConfiguration;
			buildSettings = {
				ALWAYS_EMBED_SWIFT_STANDARD_LIBRARIES = YES;
				BUNDLE_LOADER = "$(TEST_HOST)";
				CODE_SIGN_STYLE = Automatic;
				CURRENT_PROJECT_VERSION = 1;
				DEVELOPMENT_TEAM = 7W542TN97Z;
				GENERATE_INFOPLIST_FILE = YES;
				IPHONEOS_DEPLOYMENT_TARGET = 16.0;
				MARKETING_VERSION = 1.0;
				PRODUCT_BUNDLE_IDENTIFIER = PALS.JeanAlbumTests;
				PRODUCT_NAME = "$(TARGET_NAME)";
				SWIFT_EMIT_LOC_STRINGS = NO;
				SWIFT_VERSION = 5.0;
				TARGETED_DEVICE_FAMILY = "1,2";
				TEST_HOST = "$(BUILT_PRODUCTS_DIR)/JeanAlbum.app/$(BUNDLE_EXECUTABLE_FOLDER_PATH)/JeanAlbum";
			};
			name = Release;
		};
		8BBBC6EF28ACE3D600F19132 /* Debug */ = {
			isa = XCBuildConfiguration;
			buildSettings = {
				ALWAYS_EMBED_SWIFT_STANDARD_LIBRARIES = YES;
				CODE_SIGN_STYLE = Automatic;
				CURRENT_PROJECT_VERSION = 1;
				DEVELOPMENT_TEAM = 7W542TN97Z;
				GENERATE_INFOPLIST_FILE = YES;
				MARKETING_VERSION = 1.0;
				PRODUCT_BUNDLE_IDENTIFIER = PALS.JeanAlbumUITests;
				PRODUCT_NAME = "$(TARGET_NAME)";
				SWIFT_EMIT_LOC_STRINGS = NO;
				SWIFT_VERSION = 5.0;
				TARGETED_DEVICE_FAMILY = "1,2";
				TEST_TARGET_NAME = JeanAlbum;
			};
			name = Debug;
		};
		8BBBC6F028ACE3D600F19132 /* Release */ = {
			isa = XCBuildConfiguration;
			buildSettings = {
				ALWAYS_EMBED_SWIFT_STANDARD_LIBRARIES = YES;
				CODE_SIGN_STYLE = Automatic;
				CURRENT_PROJECT_VERSION = 1;
				DEVELOPMENT_TEAM = 7W542TN97Z;
				GENERATE_INFOPLIST_FILE = YES;
				MARKETING_VERSION = 1.0;
				PRODUCT_BUNDLE_IDENTIFIER = PALS.JeanAlbumUITests;
				PRODUCT_NAME = "$(TARGET_NAME)";
				SWIFT_EMIT_LOC_STRINGS = NO;
				SWIFT_VERSION = 5.0;
				TARGETED_DEVICE_FAMILY = "1,2";
				TEST_TARGET_NAME = JeanAlbum;
			};
			name = Release;
		};
/* End XCBuildConfiguration section */

/* Begin XCConfigurationList section */
		8BBBC6BF28ACE3D500F19132 /* Build configuration list for PBXProject "JeanAlbum" */ = {
			isa = XCConfigurationList;
			buildConfigurations = (
				8BBBC6E628ACE3D600F19132 /* Debug */,
				8BBBC6E728ACE3D600F19132 /* Release */,
			);
			defaultConfigurationIsVisible = 0;
			defaultConfigurationName = Release;
		};
		8BBBC6E828ACE3D600F19132 /* Build configuration list for PBXNativeTarget "JeanAlbum" */ = {
			isa = XCConfigurationList;
			buildConfigurations = (
				8BBBC6E928ACE3D600F19132 /* Debug */,
				8BBBC6EA28ACE3D600F19132 /* Release */,
			);
			defaultConfigurationIsVisible = 0;
			defaultConfigurationName = Release;
		};
		8BBBC6EB28ACE3D600F19132 /* Build configuration list for PBXNativeTarget "JeanAlbumTests" */ = {
			isa = XCConfigurationList;
			buildConfigurations = (
				8BBBC6EC28ACE3D600F19132 /* Debug */,
				8BBBC6ED28ACE3D600F19132 /* Release */,
			);
			defaultConfigurationIsVisible = 0;
			defaultConfigurationName = Release;
		};
		8BBBC6EE28ACE3D600F19132 /* Build configuration list for PBXNativeTarget "JeanAlbumUITests" */ = {
			isa = XCConfigurationList;
			buildConfigurations = (
				8BBBC6EF28ACE3D600F19132 /* Debug */,
				8BBBC6F028ACE3D600F19132 /* Release */,
			);
			defaultConfigurationIsVisible = 0;
			defaultConfigurationName = Release;
		};
/* End XCConfigurationList section */
	};
	rootObject = 8BBBC6BC28ACE3D500F19132 /* Project object */;
}
